
Microsoft Visual Studio Solution File, Format Version 12.00
# Visual Studio Version 16
VisualStudioVersion = 16.0.31410.357
MinimumVisualStudioVersion = 10.0.40219.1
Project("{9A19103F-16F7-4668-BE54-9A1E7A4F7556}") = "JWS.Api", "JWS.Api\JWS.Api.csproj", "{413FC922-6798-470E-8C86-65F42FF10F6B}"
EndProject
Project("{9A19103F-16F7-4668-BE54-9A1E7A4F7556}") = "JWS.Service", "JWS.Service\JWS.Service.csproj", "{59202C42-7FAE-41EB-8991-6F9EECB695D4}"
EndProject
Project("{9A19103F-16F7-4668-BE54-9A1E7A4F7556}") = "JWS.Data", "JWS.Data\JWS.Data.csproj", "{590DEF90-E54D-4093-80E1-D4FD365FA99D}"
EndProject
Project("{9A19103F-16F7-4668-BE54-9A1E7A4F7556}") = "JWS.Infrastructure", "JWS.Infrastructure\JWS.Infrastructure.csproj", "{66798FAE-F681-420D-9FC1-5CC96163F8D9}"
EndProject
Project("{2150E333-8FDC-42A3-9474-1A3956D46DE8}") = "Shared", "Shared", "{23D26BB1-B394-4066-AE26-9BA1DE12A00E}"
EndProject
Project("{9A19103F-16F7-4668-BE54-9A1E7A4F7556}") = "JWS.Common", "JWS.Common\JWS.Common.csproj", "{6A8511E3-069C-4DCD-9122-BD0409C26595}"
EndProject
Project("{9A19103F-16F7-4668-BE54-9A1E7A4F7556}") = "JWS.Mail", "JWS.Mail\JWS.Mail.csproj", "{7F825ACB-6B92-4575-BE05-FD2B0C389B74}"
EndProject
Project("{2150E333-8FDC-42A3-9474-1A3956D46DE8}") = "Libraries", "Libraries", "{2E610145-E0C5-4ECE-8A90-A39F36503A37}"
EndProject
Project("{2150E333-8FDC-42A3-9474-1A3956D46DE8}") = "Application", "Application", "{D22A478A-F259-4919-A842-A70CFAACE983}"
EndProject
Project("{9A19103F-16F7-4668-BE54-9A1E7A4F7556}") = "JWS.Contracts", "JWS.Contracts\JWS.Contracts.csproj", "{30D0E71B-798F-43E1-966C-6783682ECEE3}"
EndProject
Project("{9A19103F-16F7-4668-BE54-9A1E7A4F7556}") = "JWS.EntityFramework", "JWS.EntityFramework\JWS.EntityFramework.csproj", "{C493BFFC-7A07-40DF-AB20-BA8EE4DEEF7E}"
EndProject
Global
	GlobalSection(SolutionConfigurationPlatforms) = preSolution
		Debug|Any CPU = Debug|Any CPU
		Release|Any CPU = Release|Any CPU
	EndGlobalSection
	GlobalSection(ProjectConfigurationPlatforms) = postSolution
		{413FC922-6798-470E-8C86-65F42FF10F6B}.Debug|Any CPU.ActiveCfg = Debug|Any CPU
		{413FC922-6798-470E-8C86-65F42FF10F6B}.Debug|Any CPU.Build.0 = Debug|Any CPU
		{413FC922-6798-470E-8C86-65F42FF10F6B}.Release|Any CPU.ActiveCfg = Release|Any CPU
		{413FC922-6798-470E-8C86-65F42FF10F6B}.Release|Any CPU.Build.0 = Release|Any CPU
		{59202C42-7FAE-41EB-8991-6F9EECB695D4}.Debug|Any CPU.ActiveCfg = Debug|Any CPU
		{59202C42-7FAE-41EB-8991-6F9EECB695D4}.Debug|Any CPU.Build.0 = Debug|Any CPU
		{59202C42-7FAE-41EB-8991-6F9EECB695D4}.Release|Any CPU.ActiveCfg = Release|Any CPU
		{59202C42-7FAE-41EB-8991-6F9EECB695D4}.Release|Any CPU.Build.0 = Release|Any CPU
		{590DEF90-E54D-4093-80E1-D4FD365FA99D}.Debug|Any CPU.ActiveCfg = Debug|Any CPU
		{590DEF90-E54D-4093-80E1-D4FD365FA99D}.Debug|Any CPU.Build.0 = Debug|Any CPU
		{590DEF90-E54D-4093-80E1-D4FD365FA99D}.Release|Any CPU.ActiveCfg = Release|Any CPU
		{590DEF90-E54D-4093-80E1-D4FD365FA99D}.Release|Any CPU.Build.0 = Release|Any CPU
		{66798FAE-F681-420D-9FC1-5CC96163F8D9}.Debug|Any CPU.ActiveCfg = Debug|Any CPU
		{66798FAE-F681-420D-9FC1-5CC96163F8D9}.Debug|Any CPU.Build.0 = Debug|Any CPU
		{66798FAE-F681-420D-9FC1-5CC96163F8D9}.Release|Any CPU.ActiveCfg = Release|Any CPU
		{66798FAE-F681-420D-9FC1-5CC96163F8D9}.Release|Any CPU.Build.0 = Release|Any CPU
		{6A8511E3-069C-4DCD-9122-BD0409C26595}.Debug|Any CPU.ActiveCfg = Debug|Any CPU
		{6A8511E3-069C-4DCD-9122-BD0409C26595}.Debug|Any CPU.Build.0 = Debug|Any CPU
		{6A8511E3-069C-4DCD-9122-BD0409C26595}.Release|Any CPU.ActiveCfg = Release|Any CPU
		{6A8511E3-069C-4DCD-9122-BD0409C26595}.Release|Any CPU.Build.0 = Release|Any CPU
		{7F825ACB-6B92-4575-BE05-FD2B0C389B74}.Debug|Any CPU.ActiveCfg = Debug|Any CPU
		{7F825ACB-6B92-4575-BE05-FD2B0C389B74}.Debug|Any CPU.Build.0 = Debug|Any CPU
		{7F825ACB-6B92-4575-BE05-FD2B0C389B74}.Release|Any CPU.ActiveCfg = Release|Any CPU
		{7F825ACB-6B92-4575-BE05-FD2B0C389B74}.Release|Any CPU.Build.0 = Release|Any CPU
		{30D0E71B-798F-43E1-966C-6783682ECEE3}.Debug|Any CPU.ActiveCfg = Debug|Any CPU
		{30D0E71B-798F-43E1-966C-6783682ECEE3}.Debug|Any CPU.Build.0 = Debug|Any CPU
		{30D0E71B-798F-43E1-966C-6783682ECEE3}.Release|Any CPU.ActiveCfg = Release|Any CPU
		{30D0E71B-798F-43E1-966C-6783682ECEE3}.Release|Any CPU.Build.0 = Release|Any CPU
		{C493BFFC-7A07-40DF-AB20-BA8EE4DEEF7E}.Debug|Any CPU.ActiveCfg = Debug|Any CPU
		{C493BFFC-7A07-40DF-AB20-BA8EE4DEEF7E}.Debug|Any CPU.Build.0 = Debug|Any CPU
		{C493BFFC-7A07-40DF-AB20-BA8EE4DEEF7E}.Release|Any CPU.ActiveCfg = Release|Any CPU
		{C493BFFC-7A07-40DF-AB20-BA8EE4DEEF7E}.Release|Any CPU.Build.0 = Release|Any CPU
	EndGlobalSection
	GlobalSection(SolutionProperties) = preSolution
		HideSolutionNode = FALSE
	EndGlobalSection
	GlobalSection(NestedProjects) = preSolution
		{413FC922-6798-470E-8C86-65F42FF10F6B} = {D22A478A-F259-4919-A842-A70CFAACE983}
		{59202C42-7FAE-41EB-8991-6F9EECB695D4} = {D22A478A-F259-4919-A842-A70CFAACE983}
		{590DEF90-E54D-4093-80E1-D4FD365FA99D} = {D22A478A-F259-4919-A842-A70CFAACE983}
		{66798FAE-F681-420D-9FC1-5CC96163F8D9} = {D22A478A-F259-4919-A842-A70CFAACE983}
		{6A8511E3-069C-4DCD-9122-BD0409C26595} = {23D26BB1-B394-4066-AE26-9BA1DE12A00E}
		{7F825ACB-6B92-4575-BE05-FD2B0C389B74} = {23D26BB1-B394-4066-AE26-9BA1DE12A00E}
		{30D0E71B-798F-43E1-966C-6783682ECEE3} = {2E610145-E0C5-4ECE-8A90-A39F36503A37}
		{C493BFFC-7A07-40DF-AB20-BA8EE4DEEF7E} = {2E610145-E0C5-4ECE-8A90-A39F36503A37}
	EndGlobalSection
	GlobalSection(ExtensibilityGlobals) = postSolution
		SolutionGuid = {A3BAE5AB-02CD-4E82-85F2-AC05E7730098}
	EndGlobalSection
EndGlobal
